
Microsoft Visual Studio Solution File, Format Version 12.00
# Visual Studio Version 16
VisualStudioVersion = 16.0.29709.97
MinimumVisualStudioVersion = 10.0.40219.1
Project("{FAE04EC0-301F-11D3-BF4B-00C04F79EFBC}") = "AdScoreShow", "AdScoreShow\AdScoreShow.csproj", "{0F1B7058-762D-4BB2-84CC-A320B1FD5967}"
EndProject
Global
	GlobalSection(SolutionConfigurationPlatforms) = preSolution
		Debug|Any CPU = Debug|Any CPU
		Release|Any CPU = Release|Any CPU
	EndGlobalSection
	GlobalSection(ProjectConfigurationPlatforms) = postSolution
		{0F1B7058-762D-4BB2-84CC-A320B1FD5967}.Debug|Any CPU.ActiveCfg = Debug|Any CPU
		{0F1B7058-762D-4BB2-84CC-A320B1FD5967}.Debug|Any CPU.Build.0 = Debug|Any CPU
		{0F1B7058-762D-4BB2-84CC-A320B1FD5967}.Release|Any CPU.ActiveCfg = Release|Any CPU
		{0F1B7058-762D-4BB2-84CC-A320B1FD5967}.Release|Any CPU.Build.0 = Release|Any CPU
	EndGlobalSection
	GlobalSection(SolutionProperties) = preSolution
		HideSolutionNode = FALSE
	EndGlobalSection
	GlobalSection(ExtensibilityGlobals) = postSolution
		SolutionGuid = {01DA7458-61C2-4252-8F3D-D63C0414BB16}
	EndGlobalSection
EndGlobal
